
Microsoft Visual Studio Solution File, Format Version 12.00
# Visual Studio Version 17
VisualStudioVersion = 17.3.32929.385
MinimumVisualStudioVersion = 10.0.40219.1
Project("{FAE04EC0-301F-11D3-BF4B-00C04F79EFBC}") = "ConsoleApp1", "ConsoleApp1\ConsoleApp1.csproj", "{F3CDDE5E-7177-4C73-A8B8-C6D1F43F807A}"
EndProject
Global
	GlobalSection(SolutionConfigurationPlatforms) = preSolution
		Debug|Any CPU = Debug|Any CPU
		Release|Any CPU = Release|Any CPU
	EndGlobalSection
	GlobalSection(ProjectConfigurationPlatforms) = postSolution
		{F3CDDE5E-7177-4C73-A8B8-C6D1F43F807A}.Debug|Any CPU.ActiveCfg = Debug|Any CPU
		{F3CDDE5E-7177-4C73-A8B8-C6D1F43F807A}.Debug|Any CPU.Build.0 = Debug|Any CPU
		{F3CDDE5E-7177-4C73-A8B8-C6D1F43F807A}.Release|Any CPU.ActiveCfg = Release|Any CPU
		{F3CDDE5E-7177-4C73-A8B8-C6D1F43F807A}.Release|Any CPU.Build.0 = Release|Any CPU
	EndGlobalSection
	GlobalSection(SolutionProperties) = preSolution
		HideSolutionNode = FALSE
	EndGlobalSection
	GlobalSection(ExtensibilityGlobals) = postSolution
		SolutionGuid = {C4C78F5E-EA3E-4576-A4DB-AF0C2E8CD427}
	EndGlobalSection
EndGlobal
